
Microsoft Visual Studio Solution File, Format Version 12.00
# Visual Studio Version 17
VisualStudioVersion = 17.0.32014.148
MinimumVisualStudioVersion = 10.0.40219.1
Project("{9A19103F-16F7-4668-BE54-9A1E7A4F7556}") = "Dice", "Dice.csproj", "{29A25D30-4A37-4173-94DA-DE8D626371BA}"
EndProject
Project("{9A19103F-16F7-4668-BE54-9A1E7A4F7556}") = "Game", "..\Game\Game.csproj", "{105FF3A6-C015-469F-B8CE-5DF59AF18553}"
EndProject
Project("{9A19103F-16F7-4668-BE54-9A1E7A4F7556}") = "DiceTest.UnitTest", "..\DiceTest\DiceTest.UnitTest.csproj", "{31FED6FA-C8A3-4A75-8C6B-9815114DE106}"
EndProject
Global
	GlobalSection(SolutionConfigurationPlatforms) = preSolution
		Debug|Any CPU = Debug|Any CPU
		Release|Any CPU = Release|Any CPU
	EndGlobalSection
	GlobalSection(ProjectConfigurationPlatforms) = postSolution
		{29A25D30-4A37-4173-94DA-DE8D626371BA}.Debug|Any CPU.ActiveCfg = Debug|Any CPU
		{29A25D30-4A37-4173-94DA-DE8D626371BA}.Debug|Any CPU.Build.0 = Debug|Any CPU
		{29A25D30-4A37-4173-94DA-DE8D626371BA}.Release|Any CPU.ActiveCfg = Release|Any CPU
		{29A25D30-4A37-4173-94DA-DE8D626371BA}.Release|Any CPU.Build.0 = Release|Any CPU
		{105FF3A6-C015-469F-B8CE-5DF59AF18553}.Debug|Any CPU.ActiveCfg = Debug|Any CPU
		{105FF3A6-C015-469F-B8CE-5DF59AF18553}.Debug|Any CPU.Build.0 = Debug|Any CPU
		{105FF3A6-C015-469F-B8CE-5DF59AF18553}.Release|Any CPU.ActiveCfg = Release|Any CPU
		{105FF3A6-C015-469F-B8CE-5DF59AF18553}.Release|Any CPU.Build.0 = Release|Any CPU
		{31FED6FA-C8A3-4A75-8C6B-9815114DE106}.Debug|Any CPU.ActiveCfg = Debug|Any CPU
		{31FED6FA-C8A3-4A75-8C6B-9815114DE106}.Debug|Any CPU.Build.0 = Debug|Any CPU
		{31FED6FA-C8A3-4A75-8C6B-9815114DE106}.Release|Any CPU.ActiveCfg = Release|Any CPU
		{31FED6FA-C8A3-4A75-8C6B-9815114DE106}.Release|Any CPU.Build.0 = Release|Any CPU
	EndGlobalSection
	GlobalSection(SolutionProperties) = preSolution
		HideSolutionNode = FALSE
	EndGlobalSection
	GlobalSection(ExtensibilityGlobals) = postSolution
		SolutionGuid = {0CB539A0-E97F-48EE-B473-D8A507C9383C}
	EndGlobalSection
EndGlobal
